{
  "version": 4,
  "terraform_version": "1.14.3",
  "serial": 13,
  "lineage": "e77c10c6-7eba-a0f3-854a-b311053b7458",
  "outputs": {},
  "resources": [
    {
      "mode": "managed",
      "type": "google_container_cluster",
      "name": "primary",
      "provider": "provider[\"registry.terraform.io/hashicorp/google\"]",
      "instances": [
        {
          "index_key": 0,
          "schema_version": 1,
          "attributes": {
            "addons_config": [
              {
                "cloudrun_config": [],
                "config_connector_config": [],
                "dns_cache_config": [
                  {
                    "enabled": true
                  }
                ],
                "gce_persistent_disk_csi_driver_config": [
                  {
                    "enabled": true
                  }
                ],
                "gcp_filestore_csi_driver_config": [],
                "gcs_fuse_csi_driver_config": [],
                "gke_backup_agent_config": [],
                "horizontal_pod_autoscaling": [],
                "http_load_balancing": [],
                "network_policy_config": [
                  {
                    "disabled": true
                  }
                ]
              }
            ],
            "allow_net_admin": null,
            "authenticator_groups_config": [],
            "binary_authorization": [
              {
                "enabled": false,
                "evaluation_mode": ""
              }
            ],
            "cluster_autoscaling": [
              {
                "auto_provisioning_defaults": [],
                "enabled": false,
                "resource_limits": []
              }
            ],
            "cluster_ipv4_cidr": "10.0.0.0/14",
            "confidential_nodes": [],
            "cost_management_config": [],
            "database_encryption": [
              {
                "key_name": "",
                "state": "DECRYPTED"
              }
            ],
            "datapath_provider": "",
            "default_max_pods_per_node": null,
            "default_snat_status": [
              {
                "disabled": false
              }
            ],
            "description": "",
            "dns_config": [],
            "enable_autopilot": false,
            "enable_binary_authorization": false,
            "enable_intranode_visibility": false,
            "enable_k8s_beta_apis": [],
            "enable_kubernetes_alpha": false,
            "enable_l4_ilb_subsetting": false,
            "enable_legacy_abac": false,
            "enable_shielded_nodes": true,
            "enable_tpu": false,
            "endpoint": "136.111.122.130",
            "gateway_api_config": [],
            "id": "projects/project-b20a9464-78ba-46eb-b52/locations/us-central1/clusters/multi-region-cluster-0",
            "initial_node_count": 1,
            "ip_allocation_policy": [],
            "label_fingerprint": "a9dc16a7",
            "location": "us-central1",
            "logging_config": [
              {
                "enable_components": [
                  "SYSTEM_COMPONENTS",
                  "WORKLOADS"
                ]
              }
            ],
            "logging_service": "logging.googleapis.com/kubernetes",
            "maintenance_policy": [],
            "master_auth": [
              {
                "client_certificate": "",
                "client_certificate_config": [
                  {
                    "issue_client_certificate": false
                  }
                ],
                "client_key": "",
                "cluster_ca_certificate": "LS0tLS1CRUdJTiBDRVJUSUZJQ0FURS0tLS0tCk1JSUVMRENDQXBTZ0F3SUJBZ0lRU01NK0llckhnVFM2eE5RV1lITTNKekFOQmdrcWhraUc5dzBCQVFzRkFEQXYKTVMwd0t3WURWUVFERXlRM05URTBZakF3TkMweE9ERTFMVFF4Wm1NdE9EZzBPUzAxT0RRM1ptTTBNVGsxWkdZdwpJQmNOTWpZd016QTFNRGd5TWpFeFdoZ1BNakExTmpBeU1qWXdPVEl5TVRGYU1DOHhMVEFyQmdOVkJBTVRKRGMxCk1UUmlNREEwTFRFNE1UVXROREZtWXkwNE9EUTVMVFU0TkRkbVl6UXhPVFZrWmpDQ0FhSXdEUVlKS29aSWh2Y04KQVFFQkJRQURnZ0dQQURDQ0FZb0NnZ0dCQU9BMUYwTlgyZEQzV0pTakNPZENwWW5UMmxYYXhQa1ZORXlVQ09UZgpYSjFYMTk3a0dMNGhja2RNQklGUkRFOXJwMFFsa0l1Y3hZZU5FSEY2SHBjSlN5UHpQV2RKOEZ3Sm1IK29uUEhxCmdVWHFJT2sraDZKR0UxUUVvRXYxVlJtZmZLclUvRGtTT1ZYdkVpRDY5L3RVSTg3M0FIUE5Sdk9aeXJ6TnYyVUkKcnIvZ0p2RkdFQlc1WG5YTEY5RlJvQnVVN3U3dzFpUEtuRzhkZlpvOG9LSEFnRnk2Z1BuM3lLUngwN1BINWF3QwpVcVB2eDF0cXppaTdCVDVBa3V6TjNmMG5pVEZIUFpwRW5JbjFnZGhITGNka2JJK2RRNWJsNGwyZE56U1RZdjlmCm5PZVM2amxsZ0JlbXVyUnJpc05yMmI1SjlrMlYvVFRBdkcvMkJTc3RRMWlxZ2V6M0ZraVB2UTd1Q0tPSEo1ZUcKZ0FiSVFNT1VxdWZBUkk5N0JJSnAyYUdIWDI1OG1ndWtmYVQ5a1RpWVlSVGtJYmQ2Nmo0ckJ3b0hRSjludFI5eApaMVQwZWVkSCtZd1JhTzNoSTBGQmN6UkxHbUQvVE9kZFU1UG9VaG5OWkhyWGh3QjZ6NWppMC9xd21Tek1PbWtwCnpwZHZvTHo2ejhoODJ6UDBGckZualV2R3R3SURBUUFCbzBJd1FEQU9CZ05WSFE4QkFmOEVCQU1DQWdRd0R3WUQKVlIwVEFRSC9CQVV3QXdFQi96QWRCZ05WSFE0RUZnUVVwT2s0ejh2WU9ZRDdVcVpqU1BrVkNvNHUzV0F3RFFZSgpLb1pJaHZjTkFRRUxCUUFEZ2dHQkFHVEg3YUVNREN4eFc4eUNwY2VjRU10TDl0Z0ZpVnNqMzhBNUpHd1BaRWlBCmphaEFUYXRLL3JTaVhrUkMweDZtZVM1V1ErYit2ZlBsOHRIbFJBNGR6aklqajBiaTFLcEc2Umd1MTB2MlBPSnIKVTUwaEN6K2VGdWJRWVJSNERGemc2Z2hYMzJFaXErWkhsdHpza1hEOWZHYnlYUEtEKy9uUGNkZ2tGZ2Z2TWs2KwpSNGxqRUEyc1I2WUFHNlE1SkVCVjJDV1BRclFoTXZnRXNOUWowRVVpNitTMlhaMTVKMHBSVWpTK2JmTVBqZFVCCllYSXBVejNSQ08vQzdVSEV2N0RDYjEzOWprY2xHQXFpR3BzTmpqNERuWU0xNWc4eFBjZmowT2dHK2tUZ3A5UDcKVGI4bGV3a3ZpdjFZVTdQem9id2pBaXdIMkJZRk9QOEc3eThQUFI1TEN4c3VLUVpUQzdTWi9KeEY2L0hjdVZnbApWeHV5TFdJeU05UWlkbVhSSlY4QmFubjNLRndnR3hwVng3R1B0a0crRGJ2b0FYUk1EN3NsWE5pdC9maEhUR2wrCmtock9FMTd5Z20zUjJKS0VVbUx2dkhyK0s3RXRNUkdMdDBHREQ4aVBaTDlONEUrUG9obXd4S2VZR083SzBXTWIKWXlOdEtVVGkrYjBrb1V5K08zYk5iUT09Ci0tLS0tRU5EIENFUlRJRklDQVRFLS0tLS0K"
              }
            ],
            "master_authorized_networks_config": [],
            "master_version": "1.34.3-gke.1318000",
            "mesh_certificates": [],
            "min_master_version": null,
            "monitoring_config": [
              {
                "advanced_datapath_observability_config": [
                  {
                    "enable_metrics": false,
                    "relay_mode": ""
                  }
                ],
                "enable_components": [
                  "SYSTEM_COMPONENTS",
                  "STORAGE",
                  "HPA",
                  "POD",
                  "DAEMONSET",
                  "DEPLOYMENT",
                  "STATEFULSET",
                  "JOBSET",
                  "CADVISOR",
                  "KUBELET",
                  "DCGM"
                ],
                "managed_prometheus": [
                  {
                    "enabled": true
                  }
                ]
              }
            ],
            "monitoring_service": "monitoring.googleapis.com/kubernetes",
            "name": "multi-region-cluster-0",
            "network": "projects/project-b20a9464-78ba-46eb-b52/global/networks/default",
            "network_policy": [
              {
                "enabled": false,
                "provider": "PROVIDER_UNSPECIFIED"
              }
            ],
            "networking_mode": "ROUTES",
            "node_config": [],
            "node_locations": [
              "us-central1-a",
              "us-central1-c",
              "us-central1-f"
            ],
            "node_pool": [],
            "node_pool_auto_config": [
              {
                "network_tags": []
              }
            ],
            "node_pool_defaults": [
              {
                "node_config_defaults": [
                  {
                    "logging_variant": "DEFAULT"
                  }
                ]
              }
            ],
            "node_version": "1.34.3-gke.1318000",
            "notification_config": [
              {
                "pubsub": [
                  {
                    "enabled": false,
                    "filter": [],
                    "topic": ""
                  }
                ]
              }
            ],
            "operation": null,
            "private_cluster_config": [
              {
                "enable_private_endpoint": false,
                "enable_private_nodes": false,
                "master_global_access_config": [
                  {
                    "enabled": false
                  }
                ],
                "master_ipv4_cidr_block": "",
                "peering_name": "",
                "private_endpoint": "10.128.0.2",
                "private_endpoint_subnetwork": "",
                "public_endpoint": "136.111.122.130"
              }
            ],
            "private_ipv6_google_access": "",
            "project": "project-b20a9464-78ba-46eb-b52",
            "release_channel": [
              {
                "channel": "REGULAR"
              }
            ],
            "remove_default_node_pool": true,
            "resource_labels": {},
            "resource_usage_export_config": [],
            "security_posture_config": [
              {
                "mode": "BASIC",
                "vulnerability_mode": "VULNERABILITY_MODE_UNSPECIFIED"
              }
            ],
            "self_link": "https://container.googleapis.com/v1/projects/project-b20a9464-78ba-46eb-b52/locations/us-central1/clusters/multi-region-cluster-0",
            "service_external_ips_config": [
              {
                "enabled": false
              }
            ],
            "services_ipv4_cidr": "10.3.240.0/20",
            "subnetwork": "projects/project-b20a9464-78ba-46eb-b52/regions/us-central1/subnetworks/default",
            "timeouts": null,
            "tpu_ipv4_cidr_block": "",
            "vertical_pod_autoscaling": [],
            "workload_identity_config": []
          },
          "sensitive_attributes": [
            [
              {
                "type": "get_attr",
                "value": "master_auth"
              },
              {
                "type": "index",
                "value": {
                  "value": 0,
                  "type": "number"
                }
              },
              {
                "type": "get_attr",
                "value": "client_key"
              }
            ]
          ],
          "identity_schema_version": 0,
          "private": "eyJlMmJmYjczMC1lY2FhLTExZTYtOGY4OC0zNDM2M2JjN2M0YzAiOnsiY3JlYXRlIjoyNDAwMDAwMDAwMDAwLCJkZWxldGUiOjI0MDAwMDAwMDAwMDAsInJlYWQiOjI0MDAwMDAwMDAwMDAsInVwZGF0ZSI6MzYwMDAwMDAwMDAwMH0sInNjaGVtYV92ZXJzaW9uIjoiMSJ9"
        },
        {
          "index_key": 1,
          "schema_version": 1,
          "attributes": {
            "addons_config": [
              {
                "cloudrun_config": [],
                "config_connector_config": [],
                "dns_cache_config": [
                  {
                    "enabled": true
                  }
                ],
                "gce_persistent_disk_csi_driver_config": [
                  {
                    "enabled": true
                  }
                ],
                "gcp_filestore_csi_driver_config": [],
                "gcs_fuse_csi_driver_config": [],
                "gke_backup_agent_config": [],
                "horizontal_pod_autoscaling": [],
                "http_load_balancing": [],
                "network_policy_config": [
                  {
                    "disabled": true
                  }
                ]
              }
            ],
            "allow_net_admin": null,
            "authenticator_groups_config": [],
            "binary_authorization": [
              {
                "enabled": false,
                "evaluation_mode": ""
              }
            ],
            "cluster_autoscaling": [
              {
                "auto_provisioning_defaults": [],
                "enabled": false,
                "resource_limits": []
              }
            ],
            "cluster_ipv4_cidr": "10.116.0.0/14",
            "confidential_nodes": [],
            "cost_management_config": [],
            "database_encryption": [
              {
                "key_name": "",
                "state": "DECRYPTED"
              }
            ],
            "datapath_provider": "",
            "default_max_pods_per_node": null,
            "default_snat_status": [
              {
                "disabled": false
              }
            ],
            "description": "",
            "dns_config": [],
            "enable_autopilot": false,
            "enable_binary_authorization": false,
            "enable_intranode_visibility": false,
            "enable_k8s_beta_apis": [],
            "enable_kubernetes_alpha": false,
            "enable_l4_ilb_subsetting": false,
            "enable_legacy_abac": false,
            "enable_shielded_nodes": true,
            "enable_tpu": false,
            "endpoint": "34.140.42.137",
            "gateway_api_config": [],
            "id": "projects/project-b20a9464-78ba-46eb-b52/locations/europe-west1/clusters/multi-region-cluster-1",
            "initial_node_count": 1,
            "ip_allocation_policy": [],
            "label_fingerprint": "a9dc16a7",
            "location": "europe-west1",
            "logging_config": [
              {
                "enable_components": [
                  "SYSTEM_COMPONENTS",
                  "WORKLOADS"
                ]
              }
            ],
            "logging_service": "logging.googleapis.com/kubernetes",
            "maintenance_policy": [],
            "master_auth": [
              {
                "client_certificate": "",
                "client_certificate_config": [
                  {
                    "issue_client_certificate": false
                  }
                ],
                "client_key": "",
                "cluster_ca_certificate": "LS0tLS1CRUdJTiBDRVJUSUZJQ0FURS0tLS0tCk1JSUVMVENDQXBXZ0F3SUJBZ0lSQUtoTTRjanY4eU85UUtHRENWczMvN0l3RFFZSktvWklodmNOQVFFTEJRQXcKTHpFdE1Dc0dBMVVFQXhNa04yWXdZVE00TkRndFlUTXlOQzAwWWpCaUxUazFPRGt0Wm1VNVpXRXlPR1ppTlRCbQpNQ0FYRFRJMk1ETXdOVEE0TWpJeE0xb1lEekl3TlRZd01qSTJNRGt5TWpFeldqQXZNUzB3S3dZRFZRUURFeVEzClpqQmhNemcwT0MxaE16STBMVFJpTUdJdE9UVTRPUzFtWlRsbFlUSTRabUkxTUdZd2dnR2lNQTBHQ1NxR1NJYjMKRFFFQkFRVUFBNElCandBd2dnR0tBb0lCZ1FDbFJvVHpaWGU5UE1zY2cwYTViSkxjY01TNGVvR2Q3R01PcTNZdAo4UlVEWlZVWnRjajlhek9pbVdpaHRnbTdLV3lyZ2FCd2ROdnZnaXViR0JLbHg1UGhmM0xGUnBrdE5rY1QvOEpICmpuZFpldXoyRGF0OVdwQ3A0OWJoLzZhYjBNRkxYNW8zbzlxR1hodW1lcXZ4RDdSR2d1aDJrSnNWU25aYm9JdjAKRVk4M2JiTXIyUUsrbG5adEFldjVrVFhuMnIzK3N4QTNaL1Yrb2RwY29hdlNzMUpJeHV0QlVJVk1vR3NZdjhrWAp0TnREMko5V2JBNW83bmc2WkdFMURUUHo4ZjdRNmJNWTNudzkyc1V1NnVOeEMyZSsyZ2w2MlU3ZERBeTAxU1hNCkpHVEs5MExua3NWTW5IenJKNEVGSXY5QXpYSzVVbktuRGVreS9FRDZESFJYRUFlYUVmUkhxaFFEa1FVMXdXMzQKUGt6QkRCcWcvd21oMHM1OUJTdkcwVlQ5VlZnVHZPd0ZNdW4vRllHTldFdGVoemJpNlluVUI2aHhlNmk1eE9aSQo3LzI3Qmt1bTRiWCtPWHZVMk8zSW1XVm5FS1NjLzh3S05raDFvbU1LdVhlNWgyenpFOEVLRjhpQWMxLzZSUFBkCnpXWTNHQTdBbmN4YTJSYUxFOHBTaHBMemR0a0NBd0VBQWFOQ01FQXdEZ1lEVlIwUEFRSC9CQVFEQWdJRU1BOEcKQTFVZEV3RUIvd1FGTUFNQkFmOHdIUVlEVlIwT0JCWUVGRXZZR2d0RkNYWXI5VXdyNzNWd203RXd6UDFTTUEwRwpDU3FHU0liM0RRRUJDd1VBQTRJQmdRQ2NGeEgrd25RUHpUNTljaWovdGRkWWpxVmVOYlFRQWsrL3U5TGx4cW0wCjlaZFFoRk43VWZCdzNDR29CNjBPdHdmZUxSUzVINThFeVVCekZaS0d2aXVJYlhTMnVoVlp3dE5vWHdGdEhPM2oKUUFLd0l5b1A3bHVLRytUaHZWQXZPTXJEaUdVbFJiYmZSNzJJV0NmZjRuMDh2a3h3QzNYTDJHbEhTMCswYTBKMApZVDlTMkJlQ1pGdDVabnVVQW1xZjMwNVZSM2h0TWh0V01sVGIrMDM4MktqMVUzeW96ZThVdXlSdmJUYktLQTFZCmVhdjR0SGVQMlhFSzFlTHpvWW1iL2ZJTStacjJhamowU3gyb05ldXBabnZJZ0l2VzZSTWx1UHVnY3ppSXlheXgKdzhpY2Zqb0V0YnFKMHllanE5K1RuNG1jTlU2ZVA4S2Z4elM2UUJvd1luK3dLVHcxcFJTajkyTk0ramhvSkpxcQpjM0NRa3JUSCthbVBPL0tOaWhvOThjbTA4eTdhemk3MTNvclY4Ykt0WG54TEtiR0lvVUJGT1hmKzN1OE00NXVMCndYYkhRbTBzamVUU2ZBK29KR0RDREdjL280cmNKbkdWYkVudzF5WnRKVVpIVStVR2g1MUZxRGxnbnVkV0M3eW4KditQNjBLS05uYytUbGxJRnV5OHVMQkk9Ci0tLS0tRU5EIENFUlRJRklDQVRFLS0tLS0K"
              }
            ],
            "master_authorized_networks_config": [],
            "master_version": "1.34.3-gke.1318000",
            "mesh_certificates": [],
            "min_master_version": null,
            "monitoring_config": [
              {
                "advanced_datapath_observability_config": [
                  {
                    "enable_metrics": false,
                    "relay_mode": ""
                  }
                ],
                "enable_components": [
                  "SYSTEM_COMPONENTS",
                  "DAEMONSET",
                  "DEPLOYMENT",
                  "STATEFULSET",
                  "JOBSET",
                  "STORAGE",
                  "HPA",
                  "POD",
                  "KUBELET",
                  "CADVISOR",
                  "DCGM"
                ],
                "managed_prometheus": [
                  {
                    "enabled": true
                  }
                ]
              }
            ],
            "monitoring_service": "monitoring.googleapis.com/kubernetes",
            "name": "multi-region-cluster-1",
            "network": "projects/project-b20a9464-78ba-46eb-b52/global/networks/default",
            "network_policy": [
              {
                "enabled": false,
                "provider": "PROVIDER_UNSPECIFIED"
              }
            ],
            "networking_mode": "ROUTES",
            "node_config": [],
            "node_locations": [
              "europe-west1-b",
              "europe-west1-c",
              "europe-west1-d"
            ],
            "node_pool": [],
            "node_pool_auto_config": [
              {
                "network_tags": []
              }
            ],
            "node_pool_defaults": [
              {
                "node_config_defaults": [
                  {
                    "logging_variant": "DEFAULT"
                  }
                ]
              }
            ],
            "node_version": "1.34.3-gke.1318000",
            "notification_config": [
              {
                "pubsub": [
                  {
                    "enabled": false,
                    "filter": [],
                    "topic": ""
                  }
                ]
              }
            ],
            "operation": null,
            "private_cluster_config": [
              {
                "enable_private_endpoint": false,
                "enable_private_nodes": false,
                "master_global_access_config": [
                  {
                    "enabled": false
                  }
                ],
                "master_ipv4_cidr_block": "",
                "peering_name": "",
                "private_endpoint": "10.132.0.2",
                "private_endpoint_subnetwork": "",
                "public_endpoint": "34.140.42.137"
              }
            ],
            "private_ipv6_google_access": "",
            "project": "project-b20a9464-78ba-46eb-b52",
            "release_channel": [
              {
                "channel": "REGULAR"
              }
            ],
            "remove_default_node_pool": true,
            "resource_labels": {},
            "resource_usage_export_config": [],
            "security_posture_config": [
              {
                "mode": "BASIC",
                "vulnerability_mode": "VULNERABILITY_MODE_UNSPECIFIED"
              }
            ],
            "self_link": "https://container.googleapis.com/v1/projects/project-b20a9464-78ba-46eb-b52/locations/europe-west1/clusters/multi-region-cluster-1",
            "service_external_ips_config": [
              {
                "enabled": false
              }
            ],
            "services_ipv4_cidr": "10.119.240.0/20",
            "subnetwork": "projects/project-b20a9464-78ba-46eb-b52/regions/europe-west1/subnetworks/default",
            "timeouts": null,
            "tpu_ipv4_cidr_block": "",
            "vertical_pod_autoscaling": [],
            "workload_identity_config": []
          },
          "sensitive_attributes": [
            [
              {
                "type": "get_attr",
                "value": "master_auth"
              },
              {
                "type": "index",
                "value": {
                  "value": 0,
                  "type": "number"
                }
              },
              {
                "type": "get_attr",
                "value": "client_key"
              }
            ]
          ],
          "identity_schema_version": 0,
          "private": "eyJlMmJmYjczMC1lY2FhLTExZTYtOGY4OC0zNDM2M2JjN2M0YzAiOnsiY3JlYXRlIjoyNDAwMDAwMDAwMDAwLCJkZWxldGUiOjI0MDAwMDAwMDAwMDAsInJlYWQiOjI0MDAwMDAwMDAwMDAsInVwZGF0ZSI6MzYwMDAwMDAwMDAwMH0sInNjaGVtYV92ZXJzaW9uIjoiMSJ9"
        },
        {
          "index_key": 2,
          "schema_version": 1,
          "attributes": {
            "addons_config": [
              {
                "cloudrun_config": [],
                "config_connector_config": [],
                "dns_cache_config": [
                  {
                    "enabled": true
                  }
                ],
                "gce_persistent_disk_csi_driver_config": [
                  {
                    "enabled": true
                  }
                ],
                "gcp_filestore_csi_driver_config": [],
                "gcs_fuse_csi_driver_config": [],
                "gke_backup_agent_config": [],
                "horizontal_pod_autoscaling": [],
                "http_load_balancing": [],
                "network_policy_config": [
                  {
                    "disabled": true
                  }
                ]
              }
            ],
            "allow_net_admin": null,
            "authenticator_groups_config": [],
            "binary_authorization": [
              {
                "enabled": false,
                "evaluation_mode": ""
              }
            ],
            "cluster_autoscaling": [
              {
                "auto_provisioning_defaults": [],
                "enabled": false,
                "resource_limits": []
              }
            ],
            "cluster_ipv4_cidr": "10.64.0.0/14",
            "confidential_nodes": [],
            "cost_management_config": [],
            "database_encryption": [
              {
                "key_name": "",
                "state": "DECRYPTED"
              }
            ],
            "datapath_provider": "",
            "default_max_pods_per_node": null,
            "default_snat_status": [
              {
                "disabled": false
              }
            ],
            "description": "",
            "dns_config": [],
            "enable_autopilot": false,
            "enable_binary_authorization": false,
            "enable_intranode_visibility": false,
            "enable_k8s_beta_apis": [],
            "enable_kubernetes_alpha": false,
            "enable_l4_ilb_subsetting": false,
            "enable_legacy_abac": false,
            "enable_shielded_nodes": true,
            "enable_tpu": false,
            "endpoint": "35.229.58.47",
            "gateway_api_config": [],
            "id": "projects/project-b20a9464-78ba-46eb-b52/locations/us-east1/clusters/multi-region-cluster-2",
            "initial_node_count": 1,
            "ip_allocation_policy": [],
            "label_fingerprint": "a9dc16a7",
            "location": "us-east1",
            "logging_config": [
              {
                "enable_components": [
                  "SYSTEM_COMPONENTS",
                  "WORKLOADS"
                ]
              }
            ],
            "logging_service": "logging.googleapis.com/kubernetes",
            "maintenance_policy": [],
            "master_auth": [
              {
                "client_certificate": "",
                "client_certificate_config": [
                  {
                    "issue_client_certificate": false
                  }
                ],
                "client_key": "",
                "cluster_ca_certificate": "LS0tLS1CRUdJTiBDRVJUSUZJQ0FURS0tLS0tCk1JSUVMRENDQXBTZ0F3SUJBZ0lRUXNFSDdMcnNyK0NxaWdnODJXSzlSVEFOQmdrcWhraUc5dzBCQVFzRkFEQXYKTVMwd0t3WURWUVFERXlRNE5UVTNNVE5tTkMwNE5qSmpMVFJoWVRBdFlXUXlaQzAwTldOa1ptWXlOR0ZtTkRBdwpJQmNOTWpZd016QTFNRGt3TnpNeVdoZ1BNakExTmpBeU1qWXhNREEzTXpKYU1DOHhMVEFyQmdOVkJBTVRKRGcxCk5UY3hNMlkwTFRnMk1tTXROR0ZoTUMxaFpESmtMVFExWTJSbVpqSTBZV1kwTURDQ0FhSXdEUVlKS29aSWh2Y04KQVFFQkJRQURnZ0dQQURDQ0FZb0NnZ0dCQU5HNWVhZWhOSVdaV3U0anVYTUJPM2hGanI2WlJZMWRWeUpIQ1orcQpmUUhBVDA5cDdFNDhiRTNab082dU9UaE9UbDJRSHcrZkpRMGdPUmxOZWh1YmFRamcrTElQR0FhOXFKMHdFMGV6CmxyRTJOMWhXbWJrbS9JT2FuQUloVHVmOVFnVlRKNlhaQXB2S3FZRm1SdklBMkVJU2JKMklibFQ0U3BLa1h2djIKdXhudDA2QitUd2RZVGZPaGNST1dTOE9YK2VyMDZZY2VEcTVRUU1XdjRkamVxZjdkVDkwVDZLWktNZTIyMVV6dwprZThSbGdna3FwVE15Q1E4UFgyM1BlNjVEd2ZQektOMkplY3U0YUtQbFJ1dml3T1B4L21HZ2hWQjVnaXdXakJzCnpiWGl2eXhTZ0J0Sjh1b29oQnluSmNvWE0rZVVicWlKT3FPMFdDRnFZQnFyTjczM2xuNEZkTXg5TkpUNE5aZ2gKV2JVV0pma0tVVFhXNWVncFZBVnJ5dHdOWHFBWThvN1FmdUY1enpROXFOQWM4S1N0R2dDVzJndkp3NStGeFhGdwpJNE1IK0p2YlAyRytHNXFWRHp4U1hRbFViQ0FSVWFJZXFhN3ZnNFIrVU1zVUdkbVQ1eEtBWm9iWUxhMDljbVVSCm5HOTVKK2xxTElSaVBFZTZldWEzNFRUNmRRSURBUUFCbzBJd1FEQU9CZ05WSFE4QkFmOEVCQU1DQWdRd0R3WUQKVlIwVEFRSC9CQVV3QXdFQi96QWRCZ05WSFE0RUZnUVV5c2ppNHJ3V2JuMkE0ZFQvYnByZEpFMFM0M1F3RFFZSgpLb1pJaHZjTkFRRUxCUUFEZ2dHQkFCRy93UjZCV0RiU0trUGdOMk5UaHVPcnlFTEhSYXZUSmhBY1ZhNnFKVm1hClRmWE13MXdEa0d4aFQwVHJZUTR0OUtwOTYycXR1YU5XZ3NWOGtTVFRPRmx2UW9kSjdrQnNlVC9zcFBvcHc2a1QKbmFoNFhRRVdrRmoxL0ZqakVFWDN4TGtIM05hRVpVVC95bWdCaHBvMEpnN2kwTFFPMEVjbWFSdTA1M2lCNUZCZwo4RmJjanEyNFJmaVNlbk5aTUZxOTFPaXVWVWRXQzFaeWlwVFlpOE5XQlpzeWRFVmd1YmloZWZVaEQrTlpiSVUyCnhMMCtBZ0pWVVh1dVhPbW02UjZpYU5hMHZBNy90SEFSdlZSYWVuZi8wTUI5YzRtYXdLanc2SllYelFvNFZsOGsKb08vVHVaL01rcStwODFYc2NUbC9xanVvYXRHSytKcFlod3pPSmlzSGJRVFNrVDcvaGJlY244Nmx6QktPcjJjUwpGOHNMRWpaa01SK0dNU3V2aHRjQklVWFhBNU5pQU1IK1g3bGhPcDRoSDBROWRDdkxRcE1mZnZVTzdya0pKS3M1CmMxWTZtdmNiNDc3VEN4R3kxeStySjJKUHhwOEVyYTdGbDNtQjNRaWxQTXZPL1VKNnV5SFlOcFgxcStEbTFhcGMKWmswOGMrUVZlQTJ5YkF4ZlIxNXludz09Ci0tLS0tRU5EIENFUlRJRklDQVRFLS0tLS0K"
              }
            ],
            "master_authorized_networks_config": [],
            "master_version": "1.34.3-gke.1444000",
            "mesh_certificates": [],
            "min_master_version": null,
            "monitoring_config": [
              {
                "advanced_datapath_observability_config": [
                  {
                    "enable_metrics": false,
                    "relay_mode": ""
                  }
                ],
                "enable_components": [
                  "SYSTEM_COMPONENTS",
                  "STATEFULSET",
                  "JOBSET",
                  "STORAGE",
                  "HPA",
                  "POD",
                  "DAEMONSET",
                  "DEPLOYMENT",
                  "CADVISOR",
                  "KUBELET",
                  "DCGM"
                ],
                "managed_prometheus": [
                  {
                    "enabled": true
                  }
                ]
              }
            ],
            "monitoring_service": "monitoring.googleapis.com/kubernetes",
            "name": "multi-region-cluster-2",
            "network": "projects/project-b20a9464-78ba-46eb-b52/global/networks/default",
            "network_policy": [
              {
                "enabled": false,
                "provider": "PROVIDER_UNSPECIFIED"
              }
            ],
            "networking_mode": "ROUTES",
            "node_config": [],
            "node_locations": [
              "us-east1-b",
              "us-east1-c",
              "us-east1-d"
            ],
            "node_pool": [],
            "node_pool_auto_config": [
              {
                "network_tags": []
              }
            ],
            "node_pool_defaults": [
              {
                "node_config_defaults": [
                  {
                    "logging_variant": "DEFAULT"
                  }
                ]
              }
            ],
            "node_version": "1.34.3-gke.1444000",
            "notification_config": [
              {
                "pubsub": [
                  {
                    "enabled": false,
                    "filter": [],
                    "topic": ""
                  }
                ]
              }
            ],
            "operation": null,
            "private_cluster_config": [
              {
                "enable_private_endpoint": false,
                "enable_private_nodes": false,
                "master_global_access_config": [
                  {
                    "enabled": false
                  }
                ],
                "master_ipv4_cidr_block": "",
                "peering_name": "",
                "private_endpoint": "10.142.0.2",
                "private_endpoint_subnetwork": "",
                "public_endpoint": "35.229.58.47"
              }
            ],
            "private_ipv6_google_access": "",
            "project": "project-b20a9464-78ba-46eb-b52",
            "release_channel": [
              {
                "channel": "REGULAR"
              }
            ],
            "remove_default_node_pool": true,
            "resource_labels": {},
            "resource_usage_export_config": [],
            "security_posture_config": [
              {
                "mode": "BASIC",
                "vulnerability_mode": "VULNERABILITY_MODE_UNSPECIFIED"
              }
            ],
            "self_link": "https://container.googleapis.com/v1/projects/project-b20a9464-78ba-46eb-b52/locations/us-east1/clusters/multi-region-cluster-2",
            "service_external_ips_config": [
              {
                "enabled": false
              }
            ],
            "services_ipv4_cidr": "10.67.240.0/20",
            "subnetwork": "projects/project-b20a9464-78ba-46eb-b52/regions/us-east1/subnetworks/default",
            "timeouts": null,
            "tpu_ipv4_cidr_block": "",
            "vertical_pod_autoscaling": [],
            "workload_identity_config": []
          },
          "sensitive_attributes": [
            [
              {
                "type": "get_attr",
                "value": "master_auth"
              },
              {
                "type": "index",
                "value": {
                  "value": 0,
                  "type": "number"
                }
              },
              {
                "type": "get_attr",
                "value": "client_key"
              }
            ]
          ],
          "identity_schema_version": 0,
          "private": "eyJlMmJmYjczMC1lY2FhLTExZTYtOGY4OC0zNDM2M2JjN2M0YzAiOnsiY3JlYXRlIjoyNDAwMDAwMDAwMDAwLCJkZWxldGUiOjI0MDAwMDAwMDAwMDAsInJlYWQiOjI0MDAwMDAwMDAwMDAsInVwZGF0ZSI6MzYwMDAwMDAwMDAwMH0sInNjaGVtYV92ZXJzaW9uIjoiMSJ9"
        }
      ]
    },
    {
      "mode": "managed",
      "type": "google_container_node_pool",
      "name": "primary_nodes",
      "provider": "provider[\"registry.terraform.io/hashicorp/google\"]",
      "instances": [
        {
          "index_key": 0,
          "schema_version": 1,
          "attributes": {
            "autoscaling": [],
            "cluster": "multi-region-cluster-0",
            "id": "projects/project-b20a9464-78ba-46eb-b52/locations/us-central1/clusters/multi-region-cluster-0/nodePools/node-pool-0",
            "initial_node_count": 1,
            "instance_group_urls": [
              "https://www.googleapis.com/compute/v1/projects/project-b20a9464-78ba-46eb-b52/zones/us-central1-f/instanceGroupManagers/gke-multi-region-cluster--node-pool-0-f1ff993f-grp",
              "https://www.googleapis.com/compute/v1/projects/project-b20a9464-78ba-46eb-b52/zones/us-central1-c/instanceGroupManagers/gke-multi-region-cluster--node-pool-0-7e4499a8-grp",
              "https://www.googleapis.com/compute/v1/projects/project-b20a9464-78ba-46eb-b52/zones/us-central1-a/instanceGroupManagers/gke-multi-region-cluster--node-pool-0-de970c25-grp"
            ],
            "location": "us-central1",
            "managed_instance_group_urls": [
              "https://www.googleapis.com/compute/v1/projects/project-b20a9464-78ba-46eb-b52/zones/us-central1-f/instanceGroups/gke-multi-region-cluster--node-pool-0-f1ff993f-grp",
              "https://www.googleapis.com/compute/v1/projects/project-b20a9464-78ba-46eb-b52/zones/us-central1-c/instanceGroups/gke-multi-region-cluster--node-pool-0-7e4499a8-grp",
              "https://www.googleapis.com/compute/v1/projects/project-b20a9464-78ba-46eb-b52/zones/us-central1-a/instanceGroups/gke-multi-region-cluster--node-pool-0-de970c25-grp"
            ],
            "management": [
              {
                "auto_repair": true,
                "auto_upgrade": true
              }
            ],
            "max_pods_per_node": null,
            "name": "node-pool-0",
            "name_prefix": "",
            "network_config": [],
            "node_config": [
              {
                "advanced_machine_features": [],
                "boot_disk_kms_key": "",
                "confidential_nodes": [],
                "disk_size_gb": 100,
                "disk_type": "pd-balanced",
                "ephemeral_storage_local_ssd_config": [],
                "fast_socket": [],
                "gcfs_config": [],
                "guest_accelerator": [],
                "gvnic": [],
                "host_maintenance_policy": [],
                "image_type": "COS_CONTAINERD",
                "kubelet_config": [
                  {
                    "cpu_cfs_quota": false,
                    "cpu_cfs_quota_period": "",
                    "cpu_manager_policy": "",
                    "pod_pids_limit": 0
                  }
                ],
                "labels": {},
                "linux_node_config": [],
                "local_nvme_ssd_block_config": [],
                "local_ssd_count": 0,
                "logging_variant": "DEFAULT",
                "machine_type": "e2-small",
                "metadata": {
                  "disable-legacy-endpoints": "true"
                },
                "min_cpu_platform": "",
                "node_group": "",
                "oauth_scopes": [
                  "https://www.googleapis.com/auth/devstorage.read_only",
                  "https://www.googleapis.com/auth/logging.write",
                  "https://www.googleapis.com/auth/monitoring",
                  "https://www.googleapis.com/auth/service.management.readonly",
                  "https://www.googleapis.com/auth/servicecontrol",
                  "https://www.googleapis.com/auth/trace.append"
                ],
                "preemptible": false,
                "reservation_affinity": [],
                "resource_labels": {
                  "goog-gke-node-pool-provisioning-model": "on-demand"
                },
                "service_account": "default",
                "shielded_instance_config": [
                  {
                    "enable_integrity_monitoring": true,
                    "enable_secure_boot": false
                  }
                ],
                "sole_tenant_config": [],
                "spot": false,
                "tags": null,
                "taint": [],
                "workload_metadata_config": []
              }
            ],
            "node_count": 1,
            "node_locations": [
              "us-central1-a",
              "us-central1-c",
              "us-central1-f"
            ],
            "operation": null,
            "placement_policy": [],
            "project": "project-b20a9464-78ba-46eb-b52",
            "timeouts": null,
            "upgrade_settings": [
              {
                "blue_green_settings": [],
                "max_surge": 1,
                "max_unavailable": 0,
                "strategy": "SURGE"
              }
            ],
            "version": "1.34.3-gke.1318000"
          },
          "sensitive_attributes": [],
          "identity_schema_version": 0,
          "private": "eyJlMmJmYjczMC1lY2FhLTExZTYtOGY4OC0zNDM2M2JjN2M0YzAiOnsiY3JlYXRlIjoxODAwMDAwMDAwMDAwLCJkZWxldGUiOjE4MDAwMDAwMDAwMDAsInVwZGF0ZSI6MTgwMDAwMDAwMDAwMH0sInNjaGVtYV92ZXJzaW9uIjoiMSJ9",
          "dependencies": [
            "google_container_cluster.primary"
          ]
        },
        {
          "index_key": 1,
          "schema_version": 1,
          "attributes": {
            "autoscaling": [],
            "cluster": "multi-region-cluster-1",
            "id": "projects/project-b20a9464-78ba-46eb-b52/locations/europe-west1/clusters/multi-region-cluster-1/nodePools/node-pool-1",
            "initial_node_count": 1,
            "instance_group_urls": [
              "https://www.googleapis.com/compute/v1/projects/project-b20a9464-78ba-46eb-b52/zones/europe-west1-b/instanceGroupManagers/gke-multi-region-cluster--node-pool-1-4e82626b-grp",
              "https://www.googleapis.com/compute/v1/projects/project-b20a9464-78ba-46eb-b52/zones/europe-west1-d/instanceGroupManagers/gke-multi-region-cluster--node-pool-1-649efe38-grp",
              "https://www.googleapis.com/compute/v1/projects/project-b20a9464-78ba-46eb-b52/zones/europe-west1-c/instanceGroupManagers/gke-multi-region-cluster--node-pool-1-6573dffc-grp"
            ],
            "location": "europe-west1",
            "managed_instance_group_urls": [
              "https://www.googleapis.com/compute/v1/projects/project-b20a9464-78ba-46eb-b52/zones/europe-west1-b/instanceGroups/gke-multi-region-cluster--node-pool-1-4e82626b-grp",
              "https://www.googleapis.com/compute/v1/projects/project-b20a9464-78ba-46eb-b52/zones/europe-west1-d/instanceGroups/gke-multi-region-cluster--node-pool-1-649efe38-grp",
              "https://www.googleapis.com/compute/v1/projects/project-b20a9464-78ba-46eb-b52/zones/europe-west1-c/instanceGroups/gke-multi-region-cluster--node-pool-1-6573dffc-grp"
            ],
            "management": [
              {
                "auto_repair": true,
                "auto_upgrade": true
              }
            ],
            "max_pods_per_node": null,
            "name": "node-pool-1",
            "name_prefix": "",
            "network_config": [],
            "node_config": [
              {
                "advanced_machine_features": [],
                "boot_disk_kms_key": "",
                "confidential_nodes": [],
                "disk_size_gb": 100,
                "disk_type": "pd-balanced",
                "ephemeral_storage_local_ssd_config": [],
                "fast_socket": [],
                "gcfs_config": [],
                "guest_accelerator": [],
                "gvnic": [],
                "host_maintenance_policy": [],
                "image_type": "COS_CONTAINERD",
                "kubelet_config": [
                  {
                    "cpu_cfs_quota": false,
                    "cpu_cfs_quota_period": "",
                    "cpu_manager_policy": "",
                    "pod_pids_limit": 0
                  }
                ],
                "labels": {},
                "linux_node_config": [],
                "local_nvme_ssd_block_config": [],
                "local_ssd_count": 0,
                "logging_variant": "DEFAULT",
                "machine_type": "e2-small",
                "metadata": {
                  "disable-legacy-endpoints": "true"
                },
                "min_cpu_platform": "",
                "node_group": "",
                "oauth_scopes": [
                  "https://www.googleapis.com/auth/devstorage.read_only",
                  "https://www.googleapis.com/auth/logging.write",
                  "https://www.googleapis.com/auth/monitoring",
                  "https://www.googleapis.com/auth/service.management.readonly",
                  "https://www.googleapis.com/auth/servicecontrol",
                  "https://www.googleapis.com/auth/trace.append"
                ],
                "preemptible": false,
                "reservation_affinity": [],
                "resource_labels": {
                  "goog-gke-node-pool-provisioning-model": "on-demand"
                },
                "service_account": "default",
                "shielded_instance_config": [
                  {
                    "enable_integrity_monitoring": true,
                    "enable_secure_boot": false
                  }
                ],
                "sole_tenant_config": [],
                "spot": false,
                "tags": null,
                "taint": [],
                "workload_metadata_config": []
              }
            ],
            "node_count": 1,
            "node_locations": [
              "europe-west1-b",
              "europe-west1-c",
              "europe-west1-d"
            ],
            "operation": null,
            "placement_policy": [],
            "project": "project-b20a9464-78ba-46eb-b52",
            "timeouts": null,
            "upgrade_settings": [
              {
                "blue_green_settings": [],
                "max_surge": 1,
                "max_unavailable": 0,
                "strategy": "SURGE"
              }
            ],
            "version": "1.34.3-gke.1318000"
          },
          "sensitive_attributes": [],
          "identity_schema_version": 0,
          "private": "eyJlMmJmYjczMC1lY2FhLTExZTYtOGY4OC0zNDM2M2JjN2M0YzAiOnsiY3JlYXRlIjoxODAwMDAwMDAwMDAwLCJkZWxldGUiOjE4MDAwMDAwMDAwMDAsInVwZGF0ZSI6MTgwMDAwMDAwMDAwMH0sInNjaGVtYV92ZXJzaW9uIjoiMSJ9",
          "dependencies": [
            "google_container_cluster.primary"
          ]
        },
        {
          "index_key": 2,
          "schema_version": 1,
          "attributes": {
            "autoscaling": [],
            "cluster": "multi-region-cluster-2",
            "id": "projects/project-b20a9464-78ba-46eb-b52/locations/us-east1/clusters/multi-region-cluster-2/nodePools/node-pool-2",
            "initial_node_count": 1,
            "instance_group_urls": [
              "https://www.googleapis.com/compute/v1/projects/project-b20a9464-78ba-46eb-b52/zones/us-east1-c/instanceGroupManagers/gke-multi-region-cluster--node-pool-2-30c52527-grp",
              "https://www.googleapis.com/compute/v1/projects/project-b20a9464-78ba-46eb-b52/zones/us-east1-d/instanceGroupManagers/gke-multi-region-cluster--node-pool-2-eda6f4d7-grp",
              "https://www.googleapis.com/compute/v1/projects/project-b20a9464-78ba-46eb-b52/zones/us-east1-b/instanceGroupManagers/gke-multi-region-cluster--node-pool-2-3a087e7f-grp"
            ],
            "location": "us-east1",
            "managed_instance_group_urls": [
              "https://www.googleapis.com/compute/v1/projects/project-b20a9464-78ba-46eb-b52/zones/us-east1-c/instanceGroups/gke-multi-region-cluster--node-pool-2-30c52527-grp",
              "https://www.googleapis.com/compute/v1/projects/project-b20a9464-78ba-46eb-b52/zones/us-east1-d/instanceGroups/gke-multi-region-cluster--node-pool-2-eda6f4d7-grp",
              "https://www.googleapis.com/compute/v1/projects/project-b20a9464-78ba-46eb-b52/zones/us-east1-b/instanceGroups/gke-multi-region-cluster--node-pool-2-3a087e7f-grp"
            ],
            "management": [
              {
                "auto_repair": true,
                "auto_upgrade": true
              }
            ],
            "max_pods_per_node": null,
            "name": "node-pool-2",
            "name_prefix": "",
            "network_config": [],
            "node_config": [
              {
                "advanced_machine_features": [],
                "boot_disk_kms_key": "",
                "confidential_nodes": [],
                "disk_size_gb": 100,
                "disk_type": "pd-balanced",
                "ephemeral_storage_local_ssd_config": [],
                "fast_socket": [],
                "gcfs_config": [],
                "guest_accelerator": [],
                "gvnic": [],
                "host_maintenance_policy": [],
                "image_type": "COS_CONTAINERD",
                "kubelet_config": [
                  {
                    "cpu_cfs_quota": false,
                    "cpu_cfs_quota_period": "",
                    "cpu_manager_policy": "",
                    "pod_pids_limit": 0
                  }
                ],
                "labels": {},
                "linux_node_config": [],
                "local_nvme_ssd_block_config": [],
                "local_ssd_count": 0,
                "logging_variant": "DEFAULT",
                "machine_type": "e2-small",
                "metadata": {
                  "disable-legacy-endpoints": "true"
                },
                "min_cpu_platform": "",
                "node_group": "",
                "oauth_scopes": [
                  "https://www.googleapis.com/auth/devstorage.read_only",
                  "https://www.googleapis.com/auth/logging.write",
                  "https://www.googleapis.com/auth/monitoring",
                  "https://www.googleapis.com/auth/service.management.readonly",
                  "https://www.googleapis.com/auth/servicecontrol",
                  "https://www.googleapis.com/auth/trace.append"
                ],
                "preemptible": false,
                "reservation_affinity": [],
                "resource_labels": {
                  "goog-gke-node-pool-provisioning-model": "on-demand"
                },
                "service_account": "default",
                "shielded_instance_config": [
                  {
                    "enable_integrity_monitoring": true,
                    "enable_secure_boot": false
                  }
                ],
                "sole_tenant_config": [],
                "spot": false,
                "tags": null,
                "taint": [],
                "workload_metadata_config": []
              }
            ],
            "node_count": 1,
            "node_locations": [
              "us-east1-b",
              "us-east1-c",
              "us-east1-d"
            ],
            "operation": null,
            "placement_policy": [],
            "project": "project-b20a9464-78ba-46eb-b52",
            "timeouts": null,
            "upgrade_settings": [
              {
                "blue_green_settings": [],
                "max_surge": 1,
                "max_unavailable": 0,
                "strategy": "SURGE"
              }
            ],
            "version": "1.34.3-gke.1444000"
          },
          "sensitive_attributes": [],
          "identity_schema_version": 0,
          "private": "eyJlMmJmYjczMC1lY2FhLTExZTYtOGY4OC0zNDM2M2JjN2M0YzAiOnsiY3JlYXRlIjoxODAwMDAwMDAwMDAwLCJkZWxldGUiOjE4MDAwMDAwMDAwMDAsInVwZGF0ZSI6MTgwMDAwMDAwMDAwMH0sInNjaGVtYV92ZXJzaW9uIjoiMSJ9",
          "dependencies": [
            "google_container_cluster.primary"
          ]
        }
      ]
    }
  ],
  "check_results": null
}
